
Microsoft Visual Studio Solution File, Format Version 12.00
# Visual Studio 15
VisualStudioVersion = 15.0.28307.168
MinimumVisualStudioVersion = 10.0.40219.1
Project("{FAE04EC0-301F-11D3-BF4B-00C04F79EFBC}") = "TP-k", "TP-k\TP-k.csproj", "{C15D1FC2-2F92-4DB5-BA90-E3734EFB18E5}"
EndProject
Global
	GlobalSection(SolutionConfigurationPlatforms) = preSolution
		Debug|Any CPU = Debug|Any CPU
		Release|Any CPU = Release|Any CPU
	EndGlobalSection
	GlobalSection(ProjectConfigurationPlatforms) = postSolution
		{C15D1FC2-2F92-4DB5-BA90-E3734EFB18E5}.Debug|Any CPU.ActiveCfg = Debug|Any CPU
		{C15D1FC2-2F92-4DB5-BA90-E3734EFB18E5}.Debug|Any CPU.Build.0 = Debug|Any CPU
		{C15D1FC2-2F92-4DB5-BA90-E3734EFB18E5}.Release|Any CPU.ActiveCfg = Release|Any CPU
		{C15D1FC2-2F92-4DB5-BA90-E3734EFB18E5}.Release|Any CPU.Build.0 = Release|Any CPU
	EndGlobalSection
	GlobalSection(SolutionProperties) = preSolution
		HideSolutionNode = FALSE
	EndGlobalSection
	GlobalSection(ExtensibilityGlobals) = postSolution
		SolutionGuid = {CCCF901A-8657-4B3E-9AC9-B7A683B69A26}
	EndGlobalSection
EndGlobal
